{
  "name": "digital-archiving-tools",
  "version": "0.1.0",
  "lockfileVersion": 2,
  "requires": true,
  "packages": {
    "": {
      "name": "digital-archiving-tools",
      "version": "0.1.0",
      "license": "MIT",
      "dependencies": {
        "dotenv": "^16.0.3",
        "oura-cloud-api": "^2.0.0"
      }
    },
    "node_modules/dotenv": {
      "version": "16.0.3",
      "resolved": "https://registry.npmjs.org/dotenv/-/dotenv-16.0.3.tgz",
      "integrity": "sha512-7GO6HghkA5fYG9TYnNxi14/7K9f5occMlp3zXAuSxn7CKCxt9xbNWG7yF8hTCSUchlfWSe3uLmlPfigevRItzQ==",
      "engines": {
        "node": ">=12"
      }
    },
    "node_modules/oura-cloud-api": {
      "version": "2.0.0",
      "resolved": "https://registry.npmjs.org/oura-cloud-api/-/oura-cloud-api-2.0.0.tgz",
      "integrity": "sha512-qqlB2cIraM+XwsbomI4Vku0dxMtR8Sq9yRE5Drj3oEbEmeZGT1PgvLmCa9TDfr1xYAeF8pwxDbDIJ6MvHD9mhQ==",
      "engines": {
        "node": ">=18"
      }
    }
  },
  "dependencies": {
    "dotenv": {
      "version": "16.0.3",
      "resolved": "https://registry.npmjs.org/dotenv/-/dotenv-16.0.3.tgz",
      "integrity": "sha512-7GO6HghkA5fYG9TYnNxi14/7K9f5occMlp3zXAuSxn7CKCxt9xbNWG7yF8hTCSUchlfWSe3uLmlPfigevRItzQ=="
    },
    "oura-cloud-api": {
      "version": "2.0.0",
      "resolved": "https://registry.npmjs.org/oura-cloud-api/-/oura-cloud-api-2.0.0.tgz",
      "integrity": "sha512-qqlB2cIraM+XwsbomI4Vku0dxMtR8Sq9yRE5Drj3oEbEmeZGT1PgvLmCa9TDfr1xYAeF8pwxDbDIJ6MvHD9mhQ=="
    }
  }
}
